
Microsoft Visual Studio Solution File, Format Version 12.00
# Visual Studio Version 17
VisualStudioVersion = 17.3.32901.215
MinimumVisualStudioVersion = 10.0.40219.1
Project("{FAE04EC0-301F-11D3-BF4B-00C04F79EFBC}") = "WebTestApi", "WebTestApi\WebTestApi.csproj", "{8B833D94-FB10-40B8-9D19-27FB1FEC1414}"
EndProject
Global
	GlobalSection(SolutionConfigurationPlatforms) = preSolution
		Debug|Any CPU = Debug|Any CPU
		Release|Any CPU = Release|Any CPU
	EndGlobalSection
	GlobalSection(ProjectConfigurationPlatforms) = postSolution
		{8B833D94-FB10-40B8-9D19-27FB1FEC1414}.Debug|Any CPU.ActiveCfg = Debug|Any CPU
		{8B833D94-FB10-40B8-9D19-27FB1FEC1414}.Debug|Any CPU.Build.0 = Debug|Any CPU
		{8B833D94-FB10-40B8-9D19-27FB1FEC1414}.Release|Any CPU.ActiveCfg = Release|Any CPU
		{8B833D94-FB10-40B8-9D19-27FB1FEC1414}.Release|Any CPU.Build.0 = Release|Any CPU
	EndGlobalSection
	GlobalSection(SolutionProperties) = preSolution
		HideSolutionNode = FALSE
	EndGlobalSection
	GlobalSection(ExtensibilityGlobals) = postSolution
		SolutionGuid = {9B529E58-A004-4F00-B4A5-CBB771AF600C}
	EndGlobalSection
EndGlobal
